
Microsoft Visual Studio Solution File, Format Version 12.00
# Visual Studio 14
VisualStudioVersion = 14.0.25420.1
MinimumVisualStudioVersion = 10.0.40219.1
Project("{FAE04EC0-301F-11D3-BF4B-00C04F79EFBC}") = "ConsoleApplication10", "ConsoleApplication10\ConsoleApplication10.csproj", "{080044A7-870C-4B87-AE26-1DE9431CD142}"
EndProject
Global
	GlobalSection(SolutionConfigurationPlatforms) = preSolution
		Debug|Any CPU = Debug|Any CPU
		Release|Any CPU = Release|Any CPU
	EndGlobalSection
	GlobalSection(ProjectConfigurationPlatforms) = postSolution
		{080044A7-870C-4B87-AE26-1DE9431CD142}.Debug|Any CPU.ActiveCfg = Debug|Any CPU
		{080044A7-870C-4B87-AE26-1DE9431CD142}.Debug|Any CPU.Build.0 = Debug|Any CPU
		{080044A7-870C-4B87-AE26-1DE9431CD142}.Release|Any CPU.ActiveCfg = Release|Any CPU
		{080044A7-870C-4B87-AE26-1DE9431CD142}.Release|Any CPU.Build.0 = Release|Any CPU
	EndGlobalSection
	GlobalSection(SolutionProperties) = preSolution
		HideSolutionNode = FALSE
	EndGlobalSection
EndGlobal
