
Microsoft Visual Studio Solution File, Format Version 12.00
# Visual Studio Express 15 for Windows Desktop
VisualStudioVersion = 15.0.28307.960
MinimumVisualStudioVersion = 10.0.40219.1
Project("{FAE04EC0-301F-11D3-BF4B-00C04F79EFBC}") = "1009uri", "1009uri\1009uri.csproj", "{44172A31-542C-4AC0-938D-46EFB2939967}"
EndProject
Global
	GlobalSection(SolutionConfigurationPlatforms) = preSolution
		Debug|Any CPU = Debug|Any CPU
		Release|Any CPU = Release|Any CPU
	EndGlobalSection
	GlobalSection(ProjectConfigurationPlatforms) = postSolution
		{44172A31-542C-4AC0-938D-46EFB2939967}.Debug|Any CPU.ActiveCfg = Debug|Any CPU
		{44172A31-542C-4AC0-938D-46EFB2939967}.Debug|Any CPU.Build.0 = Debug|Any CPU
		{44172A31-542C-4AC0-938D-46EFB2939967}.Release|Any CPU.ActiveCfg = Release|Any CPU
		{44172A31-542C-4AC0-938D-46EFB2939967}.Release|Any CPU.Build.0 = Release|Any CPU
	EndGlobalSection
	GlobalSection(SolutionProperties) = preSolution
		HideSolutionNode = FALSE
	EndGlobalSection
	GlobalSection(ExtensibilityGlobals) = postSolution
		SolutionGuid = {4DC25723-0219-47DC-96E5-40EA0BBE6292}
	EndGlobalSection
EndGlobal
